
Microsoft Visual Studio Solution File, Format Version 12.00
# Visual Studio Version 16
VisualStudioVersion = 16.0.30907.101
MinimumVisualStudioVersion = 10.0.40219.1
Project("{8BC9CEB8-8B4A-11D0-8D11-00A0C91BC942}") = "QuartLang", "QuartLang\QuartLang.vcxproj", "{6FEC028F-B2E7-425E-A4A0-C10E3EE063E6}"
EndProject
Global
	GlobalSection(SolutionConfigurationPlatforms) = preSolution
		Debug|x64 = Debug|x64
		Debug|x86 = Debug|x86
		Release|x64 = Release|x64
		Release|x86 = Release|x86
	EndGlobalSection
	GlobalSection(ProjectConfigurationPlatforms) = postSolution
		{6FEC028F-B2E7-425E-A4A0-C10E3EE063E6}.Debug|x64.ActiveCfg = Debug|x64
		{6FEC028F-B2E7-425E-A4A0-C10E3EE063E6}.Debug|x64.Build.0 = Debug|x64
		{6FEC028F-B2E7-425E-A4A0-C10E3EE063E6}.Debug|x86.ActiveCfg = Debug|Win32
		{6FEC028F-B2E7-425E-A4A0-C10E3EE063E6}.Debug|x86.Build.0 = Debug|Win32
		{6FEC028F-B2E7-425E-A4A0-C10E3EE063E6}.Release|x64.ActiveCfg = Release|x64
		{6FEC028F-B2E7-425E-A4A0-C10E3EE063E6}.Release|x64.Build.0 = Release|x64
		{6FEC028F-B2E7-425E-A4A0-C10E3EE063E6}.Release|x86.ActiveCfg = Release|Win32
		{6FEC028F-B2E7-425E-A4A0-C10E3EE063E6}.Release|x86.Build.0 = Release|Win32
	EndGlobalSection
	GlobalSection(SolutionProperties) = preSolution
		HideSolutionNode = FALSE
	EndGlobalSection
	GlobalSection(ExtensibilityGlobals) = postSolution
		SolutionGuid = {B0034351-C07E-421B-91F3-A79514BE9B74}
	EndGlobalSection
EndGlobal
