<?xml version="1.0" encoding="utf-8"?>
<Project ToolsVersion="4.0" xmlns="http://schemas.microsoft.com/developer/msbuild/2003">
  <ItemGroup>
    <Filter Include="Resource Files">
      <UniqueIdentifier>{67DA6AB6-F800-4c08-8B7A-83BB121AAD01}</UniqueIdentifier>
      <Extensions>rc;ico;cur;bmp;dlg;rc2;rct;bin;rgs;gif;jpg;jpeg;jpe;resx;tiff;tif;png;wav;mfcribbon-ms</Extensions>
    </Filter>
    <Filter Include="core">
      <UniqueIdentifier>{70b91568-823d-4348-abcf-d9a71c78e8e9}</UniqueIdentifier>
    </Filter>
    <Filter Include="design docs">
      <UniqueIdentifier>{8034c7ba-d03f-4bd0-a015-6cb45fe21c3e}</UniqueIdentifier>
    </Filter>
    <Filter Include="core\Engine">
      <UniqueIdentifier>{6210d654-b70a-4381-ad8c-f7ea8fe984d8}</UniqueIdentifier>
    </Filter>
    <Filter Include="program-wide tests">
      <UniqueIdentifier>{d0de992d-18a6-4b76-9e6d-c1f2cbf1180b}</UniqueIdentifier>
    </Filter>
    <Filter Include="program-wide tests\source">
      <UniqueIdentifier>{88265022-aa07-4e44-a6f1-3c97885a3a18}</UniqueIdentifier>
    </Filter>
    <Filter Include="core\program structures">
      <UniqueIdentifier>{a2b33d14-b6e6-4fff-9169-5a0d69593c1f}</UniqueIdentifier>
    </Filter>
    <Filter Include="core\lexer">
      <UniqueIdentifier>{7df99fc3-2354-440c-805f-c1d1a39f7a38}</UniqueIdentifier>
    </Filter>
    <Filter Include="core\parser">
      <UniqueIdentifier>{1843b207-2c05-4ec9-b72e-39f9e345a0ba}</UniqueIdentifier>
    </Filter>
    <Filter Include="try them yourself tests">
      <UniqueIdentifier>{a479c958-b361-4543-b412-5ab370d8a7ef}</UniqueIdentifier>
    </Filter>
  </ItemGroup>
  <ItemGroup>
    <ClCompile Include="QuartLang.cpp" />
    <ClCompile Include="Lexer.cpp">
      <Filter>core\lexer</Filter>
    </ClCompile>
    <ClCompile Include="Logger.cpp" />
    <ClCompile Include="builtinFunctions.cpp" />
    <ClCompile Include="EnumToString.cpp" />
    <ClCompile Include="Parser.cpp">
      <Filter>core\parser</Filter>
    </ClCompile>
    <ClCompile Include="Engine.cpp">
      <Filter>core\Engine</Filter>
    </ClCompile>
    <ClCompile Include="wide_tests.cpp">
      <Filter>program-wide tests</Filter>
    </ClCompile>
    <ClCompile Include="tests.cpp">
      <Filter>program-wide tests</Filter>
    </ClCompile>
    <ClCompile Include="allTests.cpp">
      <Filter>program-wide tests</Filter>
    </ClCompile>
    <ClCompile Include="statements.cpp">
      <Filter>core\program structures</Filter>
    </ClCompile>
    <ClCompile Include="programs.cpp">
      <Filter>core\program structures</Filter>
    </ClCompile>
    <ClCompile Include="DataStructure.cpp">
      <Filter>core\program structures</Filter>
    </ClCompile>
    <ClCompile Include="LexerTest.cpp">
      <Filter>core\lexer</Filter>
    </ClCompile>
    <ClCompile Include="DictionaryLexer.cpp">
      <Filter>core\lexer</Filter>
    </ClCompile>
  </ItemGroup>
  <ItemGroup>
    <ClInclude Include="Lexer.h">
      <Filter>core\lexer</Filter>
    </ClInclude>
    <ClInclude Include="Logger.h" />
    <ClInclude Include="builtinFunctions.h" />
    <ClInclude Include="EnumToString.h" />
    <ClInclude Include="Parser.h">
      <Filter>core\parser</Filter>
    </ClInclude>
    <ClInclude Include="Engine.h">
      <Filter>core\Engine</Filter>
    </ClInclude>
    <ClInclude Include="wide_tests.h">
      <Filter>program-wide tests</Filter>
    </ClInclude>
    <ClInclude Include="tests.h">
      <Filter>program-wide tests</Filter>
    </ClInclude>
    <ClInclude Include="allTests.h">
      <Filter>program-wide tests</Filter>
    </ClInclude>
    <ClInclude Include="ProgramStructure.h">
      <Filter>core\program structures</Filter>
    </ClInclude>
    <ClInclude Include="statements.h">
      <Filter>core\program structures</Filter>
    </ClInclude>
    <ClInclude Include="programs.h">
      <Filter>core\program structures</Filter>
    </ClInclude>
    <ClInclude Include="Token.h">
      <Filter>core\lexer</Filter>
    </ClInclude>
    <ClInclude Include="DataStructure.h">
      <Filter>core\program structures</Filter>
    </ClInclude>
    <ClInclude Include="LexerTest.h">
      <Filter>core\lexer</Filter>
    </ClInclude>
    <ClInclude Include="DictionaryLexer.h">
      <Filter>core\lexer</Filter>
    </ClInclude>
  </ItemGroup>
  <ItemGroup>
    <Text Include="Source.txt" />
    <Text Include="TODO.txt">
      <Filter>design docs</Filter>
    </Text>
    <Text Include="README.txt">
      <Filter>design docs</Filter>
    </Text>
    <Text Include="hello_world_test.txt">
      <Filter>program-wide tests\source</Filter>
    </Text>
    <Text Include="variables_test.txt">
      <Filter>program-wide tests\source</Filter>
    </Text>
    <Text Include="double_set_test.txt">
      <Filter>program-wide tests\source</Filter>
    </Text>
    <Text Include="arithmetic_test.txt">
      <Filter>program-wide tests\source</Filter>
    </Text>
    <Text Include="result_test.txt">
      <Filter>program-wide tests\source</Filter>
    </Text>
    <Text Include="LICENSE.txt" />
    <Text Include="conditional_test.txt">
      <Filter>program-wide tests\source</Filter>
    </Text>
    <Text Include="evaluation_test.txt">
      <Filter>program-wide tests\source</Filter>
    </Text>
    <Text Include="words_alpha.txt" />
    <Text Include="verbose_variable_test.txt">
      <Filter>program-wide tests\source</Filter>
    </Text>
    <Text Include="append_and_refer_test.txt">
      <Filter>program-wide tests\source</Filter>
    </Text>
    <Text Include="it_test.txt">
      <Filter>program-wide tests\source</Filter>
    </Text>
    <Text Include="flip_test.txt">
      <Filter>program-wide tests\source</Filter>
    </Text>
    <Text Include="function_test.txt">
      <Filter>program-wide tests\source</Filter>
    </Text>
    <Text Include="multiprocessing_fibonacci_test.txt">
      <Filter>program-wide tests\source</Filter>
    </Text>
    <Text Include="multithreaded_proof.txt">
      <Filter>try them yourself tests</Filter>
    </Text>
  </ItemGroup>
  <ItemGroup>
    <None Include="make_dictionary_cpp.py" />
  </ItemGroup>
</Project>