<?xml version="1.0" encoding="utf-8"?>
<Project ToolsVersion="4.0" xmlns="http://schemas.microsoft.com/developer/msbuild/2003">
  <ItemGroup>
    <Filter Include="Resource Files">
      <UniqueIdentifier>{67DA6AB6-F800-4c08-8B7A-83BB121AAD01}</UniqueIdentifier>
      <Extensions>rc;ico;cur;bmp;dlg;rc2;rct;bin;rgs;gif;jpg;jpeg;jpe;resx;tiff;tif;png;wav;mfcribbon-ms</Extensions>
    </Filter>
    <Filter Include="core">
      <UniqueIdentifier>{70b91568-823d-4348-abcf-d9a71c78e8e9}</UniqueIdentifier>
    </Filter>
    <Filter Include="core\parser">
      <UniqueIdentifier>{7df99fc3-2354-440c-805f-c1d1a39f7a38}</UniqueIdentifier>
    </Filter>
  </ItemGroup>
  <ItemGroup>
    <ClCompile Include="QuartLang.cpp" />
    <ClCompile Include="Parser.cpp">
      <Filter>core\parser</Filter>
    </ClCompile>
    <ClCompile Include="Recognizer.cpp" />
    <ClCompile Include="Engine.cpp" />
    <ClCompile Include="DataStructure.cpp" />
    <ClCompile Include="Logger.cpp" />
    <ClCompile Include="builtinFunctions.cpp" />
    <ClCompile Include="EnumToString.cpp" />
  </ItemGroup>
  <ItemGroup>
    <ClInclude Include="Parser.h">
      <Filter>core\parser</Filter>
    </ClInclude>
    <ClInclude Include="Recognizer.h" />
    <ClInclude Include="Engine.h" />
    <ClInclude Include="DataStructure.h" />
    <ClInclude Include="Logger.h" />
    <ClInclude Include="builtinFunctions.h" />
    <ClInclude Include="EnumToString.h" />
    <ClInclude Include="Token.h" />
  </ItemGroup>
  <ItemGroup>
    <Text Include="..\..\..\..\Desktop\ishleng_protocode.txt" />
    <Text Include="Source.txt" />
  </ItemGroup>
</Project>